
Microsoft Visual Studio Solution File, Format Version 12.00
# Visual Studio Version 17
VisualStudioVersion = 17.14.36511.14
MinimumVisualStudioVersion = 10.0.40219.1
Project("{2150E333-8FDC-42A3-9474-1A3956D46DE8}") = "src", "src", "{02EA681E-C7D8-13C7-8484-4AC65E1B71E8}"
EndProject
Project("{2150E333-8FDC-42A3-9474-1A3956D46DE8}") = "1. WebApi", "1. WebApi", "{A9F11A94-B0A1-4BBB-ACAE-AB8EF96E6C08}"
EndProject
Project("{2150E333-8FDC-42A3-9474-1A3956D46DE8}") = "2. Domain", "2. Domain", "{96BC753F-B186-4540-AD97-02BBE9B3846B}"
EndProject
Project("{2150E333-8FDC-42A3-9474-1A3956D46DE8}") = "3. Infra", "3. Infra", "{E5C4DA7B-9CC1-42FD-A282-C40AF509C841}"
EndProject
Project("{FAE04EC0-301F-11D3-BF4B-00C04F79EFBC}") = "SupportHelper.API.Domain", "src\SupportHelper.API.Domain\SupportHelper.API.Domain.csproj", "{77B9A6BC-8119-4DA2-B351-748D53ACC9B6}"
EndProject
Project("{2150E333-8FDC-42A3-9474-1A3956D46DE8}") = "3.1. Infra.Data", "3.1. Infra.Data", "{27444D6B-0F52-4AC2-AF6E-2B958D3CBE58}"
EndProject
Project("{FAE04EC0-301F-11D3-BF4B-00C04F79EFBC}") = "SupportHelper.API.Infra.Data", "src\SupportHelper.API.Infra.Data\SupportHelper.API.Infra.Data.csproj", "{118D80D0-78AE-43EC-A529-2A7C3BAF7F67}"
EndProject
Project("{2150E333-8FDC-42A3-9474-1A3956D46DE8}") = "3.3. Infra.CrossCutting", "3.3. Infra.CrossCutting", "{F21126FE-1216-4C8A-9142-09032FCF8132}"
EndProject
Project("{FAE04EC0-301F-11D3-BF4B-00C04F79EFBC}") = "SupportHelper.API.Infra.CrossCutting", "src\SupportHelper.API.Infra.CrossCutting\SupportHelper.API.Infra.CrossCutting.csproj", "{5B758B8A-6BB9-49B8-B037-2D6A050F798F}"
EndProject
Project("{2150E333-8FDC-42A3-9474-1A3956D46DE8}") = "3.2. Infra.SignalR", "3.2. Infra.SignalR", "{3B3E77DE-7409-4FCF-8E38-73558379254F}"
EndProject
Project("{FAE04EC0-301F-11D3-BF4B-00C04F79EFBC}") = "SupportHelper.API.Infra.SignalR", "src\SupportHelper.API.Infra.SignalR\SupportHelper.API.Infra.SignalR.csproj", "{46F3EBAE-F6F9-465B-8FAA-2C0B2FA9F917}"
EndProject
Project("{FAE04EC0-301F-11D3-BF4B-00C04F79EFBC}") = "SupportHelper.API.WebApi", "src\SupportHelper.API.WebApi\SupportHelper.API.WebApi.csproj", "{50DEFF4D-C19F-424B-96C9-EAB7CE329E16}"
EndProject
Global
	GlobalSection(SolutionConfigurationPlatforms) = preSolution
		Debug|Any CPU = Debug|Any CPU
		Release|Any CPU = Release|Any CPU
	EndGlobalSection
	GlobalSection(ProjectConfigurationPlatforms) = postSolution
		{77B9A6BC-8119-4DA2-B351-748D53ACC9B6}.Debug|Any CPU.ActiveCfg = Debug|Any CPU
		{77B9A6BC-8119-4DA2-B351-748D53ACC9B6}.Debug|Any CPU.Build.0 = Debug|Any CPU
		{77B9A6BC-8119-4DA2-B351-748D53ACC9B6}.Release|Any CPU.ActiveCfg = Release|Any CPU
		{77B9A6BC-8119-4DA2-B351-748D53ACC9B6}.Release|Any CPU.Build.0 = Release|Any CPU
		{118D80D0-78AE-43EC-A529-2A7C3BAF7F67}.Debug|Any CPU.ActiveCfg = Debug|Any CPU
		{118D80D0-78AE-43EC-A529-2A7C3BAF7F67}.Debug|Any CPU.Build.0 = Debug|Any CPU
		{118D80D0-78AE-43EC-A529-2A7C3BAF7F67}.Release|Any CPU.ActiveCfg = Release|Any CPU
		{118D80D0-78AE-43EC-A529-2A7C3BAF7F67}.Release|Any CPU.Build.0 = Release|Any CPU
		{5B758B8A-6BB9-49B8-B037-2D6A050F798F}.Debug|Any CPU.ActiveCfg = Debug|Any CPU
		{5B758B8A-6BB9-49B8-B037-2D6A050F798F}.Debug|Any CPU.Build.0 = Debug|Any CPU
		{5B758B8A-6BB9-49B8-B037-2D6A050F798F}.Release|Any CPU.ActiveCfg = Release|Any CPU
		{5B758B8A-6BB9-49B8-B037-2D6A050F798F}.Release|Any CPU.Build.0 = Release|Any CPU
		{46F3EBAE-F6F9-465B-8FAA-2C0B2FA9F917}.Debug|Any CPU.ActiveCfg = Debug|Any CPU
		{46F3EBAE-F6F9-465B-8FAA-2C0B2FA9F917}.Debug|Any CPU.Build.0 = Debug|Any CPU
		{46F3EBAE-F6F9-465B-8FAA-2C0B2FA9F917}.Release|Any CPU.ActiveCfg = Release|Any CPU
		{46F3EBAE-F6F9-465B-8FAA-2C0B2FA9F917}.Release|Any CPU.Build.0 = Release|Any CPU
		{50DEFF4D-C19F-424B-96C9-EAB7CE329E16}.Debug|Any CPU.ActiveCfg = Debug|Any CPU
		{50DEFF4D-C19F-424B-96C9-EAB7CE329E16}.Debug|Any CPU.Build.0 = Debug|Any CPU
		{50DEFF4D-C19F-424B-96C9-EAB7CE329E16}.Release|Any CPU.ActiveCfg = Release|Any CPU
		{50DEFF4D-C19F-424B-96C9-EAB7CE329E16}.Release|Any CPU.Build.0 = Release|Any CPU
	EndGlobalSection
	GlobalSection(SolutionProperties) = preSolution
		HideSolutionNode = FALSE
	EndGlobalSection
	GlobalSection(NestedProjects) = preSolution
		{A9F11A94-B0A1-4BBB-ACAE-AB8EF96E6C08} = {02EA681E-C7D8-13C7-8484-4AC65E1B71E8}
		{96BC753F-B186-4540-AD97-02BBE9B3846B} = {02EA681E-C7D8-13C7-8484-4AC65E1B71E8}
		{E5C4DA7B-9CC1-42FD-A282-C40AF509C841} = {02EA681E-C7D8-13C7-8484-4AC65E1B71E8}
		{77B9A6BC-8119-4DA2-B351-748D53ACC9B6} = {96BC753F-B186-4540-AD97-02BBE9B3846B}
		{27444D6B-0F52-4AC2-AF6E-2B958D3CBE58} = {E5C4DA7B-9CC1-42FD-A282-C40AF509C841}
		{118D80D0-78AE-43EC-A529-2A7C3BAF7F67} = {27444D6B-0F52-4AC2-AF6E-2B958D3CBE58}
		{F21126FE-1216-4C8A-9142-09032FCF8132} = {E5C4DA7B-9CC1-42FD-A282-C40AF509C841}
		{5B758B8A-6BB9-49B8-B037-2D6A050F798F} = {F21126FE-1216-4C8A-9142-09032FCF8132}
		{3B3E77DE-7409-4FCF-8E38-73558379254F} = {E5C4DA7B-9CC1-42FD-A282-C40AF509C841}
		{46F3EBAE-F6F9-465B-8FAA-2C0B2FA9F917} = {3B3E77DE-7409-4FCF-8E38-73558379254F}
		{50DEFF4D-C19F-424B-96C9-EAB7CE329E16} = {A9F11A94-B0A1-4BBB-ACAE-AB8EF96E6C08}
	EndGlobalSection
	GlobalSection(ExtensibilityGlobals) = postSolution
		SolutionGuid = {DFDCF240-62BB-47DB-B386-2DF1A63D8FD9}
	EndGlobalSection
EndGlobal
