
Microsoft Visual Studio Solution File, Format Version 12.00
# Visual Studio Version 17
VisualStudioVersion = 17.13.36105.23
MinimumVisualStudioVersion = 10.0.40219.1
Project("{2150E333-8FDC-42A3-9474-1A3956D46DE8}") = "src", "src", "{02EA681E-C7D8-13C7-8484-4AC65E1B71E8}"
EndProject
Project("{2150E333-8FDC-42A3-9474-1A3956D46DE8}") = "tests", "tests", "{07DA150D-69B6-4107-8C3F-B241C4F7872C}"
EndProject
Project("{2150E333-8FDC-42A3-9474-1A3956D46DE8}") = "shared", "shared", "{17E22CD4-E35A-4095-8E29-6A09650357BC}"
EndProject
Project("{2150E333-8FDC-42A3-9474-1A3956D46DE8}") = "backend", "backend", "{8561095C-DF8A-4E61-9922-8F3971C9FBDA}"
EndProject
Project("{FAE04EC0-301F-11D3-BF4B-00C04F79EFBC}") = "SupportHelper.Application", "src\backend\SupportHelper.Application\SupportHelper.Application.csproj", "{1B68E502-A305-4622-B38E-120B8D0BE79D}"
EndProject
Project("{FAE04EC0-301F-11D3-BF4B-00C04F79EFBC}") = "SupportHelper.Domain", "src\backend\SupportHelper.Domain\SupportHelper.Domain.csproj", "{C271A690-4BA9-4CD3-A2EE-49600C2A70A9}"
EndProject
Project("{FAE04EC0-301F-11D3-BF4B-00C04F79EFBC}") = "SupportHelper.Communication", "src\shared\SupportHelper.Communication\SupportHelper.Communication.csproj", "{4B316A45-2005-4F70-92E3-2C9B4621DF25}"
EndProject
Project("{FAE04EC0-301F-11D3-BF4B-00C04F79EFBC}") = "SupportHelper.Exceptions", "src\shared\SupportHelper.Exceptions\SupportHelper.Exceptions.csproj", "{A5FB0BD2-4221-4FCC-887B-45B647AF2739}"
EndProject
Project("{FAE04EC0-301F-11D3-BF4B-00C04F79EFBC}") = "SupportHelper.WebApi", "src\backend\SupportHelper.WebApi\SupportHelper.WebApi.csproj", "{E0227325-F2DE-46D5-A8B7-24CC98445092}"
EndProject
Project("{FAE04EC0-301F-11D3-BF4B-00C04F79EFBC}") = "SupportHelper.Tests", "tests\SupportHelper.Tests\SupportHelper.Tests.csproj", "{836B22FC-8C4A-4F28-AE6D-2A3A9D2396F9}"
EndProject
Project("{2150E333-8FDC-42A3-9474-1A3956D46DE8}") = "winServices", "winServices", "{F420B026-CEC2-4EC6-8907-2AD9511B8DAA}"
EndProject
Project("{FAE04EC0-301F-11D3-BF4B-00C04F79EFBC}") = "SupportHelper.WinServices.Core", "src\winServices\SupportHelper.WinServices.Core\SupportHelper.WinServices.Core.csproj", "{9552675B-F525-4692-88E4-AC1D2E43E87B}"
EndProject
Project("{2150E333-8FDC-42A3-9474-1A3956D46DE8}") = "frontend", "frontend", "{CCB4189B-BC50-446B-989C-F568229C5036}"
EndProject
Project("{FAE04EC0-301F-11D3-BF4B-00C04F79EFBC}") = "SupportHelper.FrontEnd.MVC", "src\frontend\SupportHelper.FrontEnd.MVC\SupportHelper.FrontEnd.MVC.csproj", "{A858CC20-7C2C-47F9-83F4-39F98F90FED8}"
EndProject
Project("{FAE04EC0-301F-11D3-BF4B-00C04F79EFBC}") = "SupportHelper.Test.Common.Utilities", "tests\SupportHelper.Test.Common.Utilities\SupportHelper.Test.Common.Utilities.csproj", "{5A70243F-E155-4B84-9F96-4D7ED25B278A}"
EndProject
Project("{FAE04EC0-301F-11D3-BF4B-00C04F79EFBC}") = "SupportHelper.WinServices.Application", "src\winServices\SupportHelper.WinServices.Application\SupportHelper.WinServices.Application.csproj", "{C30103C3-31FC-4F5A-B4ED-F79B9EFAF6D9}"
EndProject
Project("{FAE04EC0-301F-11D3-BF4B-00C04F79EFBC}") = "SupportHelper.Infrastructure.SignalR", "src\backend\SupportHelper.Infrastructure.SignalR\SupportHelper.Infrastructure.SignalR.csproj", "{63E852E9-C4C7-4748-AFD4-4AF6F4640E41}"
EndProject
Project("{FAE04EC0-301F-11D3-BF4B-00C04F79EFBC}") = "SupportHelper.Infrastructure.CrossCutting.IoC", "src\backend\SupportHelper.Infrastructure.CrossCutting.IoC\SupportHelper.Infrastructure.CrossCutting.IoC.csproj", "{A79DED8A-C315-418D-971F-06E1A1A63594}"
EndProject
Project("{FAE04EC0-301F-11D3-BF4B-00C04F79EFBC}") = "SupportHelper.Infrastructure.Data", "src\backend\SupportHelper.Infrastructure.Data\SupportHelper.Infrastructure.Data.csproj", "{0672F055-78D4-9094-9A22-1C2DF59FA3C4}"
EndProject
Project("{FAE04EC0-301F-11D3-BF4B-00C04F79EFBC}") = "SupportHelper.FrontEnd.Http", "src\frontend\SupportHelper.FrontEnd.Http\SupportHelper.FrontEnd.Http.csproj", "{777C3523-CE2D-4958-BFE3-EAA4359BA60E}"
EndProject
Project("{FAE04EC0-301F-11D3-BF4B-00C04F79EFBC}") = "SupportHelper.Infrastructure.Data.CouchDB", "src\backend\SupportHelper.Infrastructure.Data.CouchDB\SupportHelper.Infrastructure.Data.CouchDB.csproj", "{B605C47D-1DAA-41A0-898D-AC715D1AEBCA}"
EndProject
Global
	GlobalSection(SolutionConfigurationPlatforms) = preSolution
		Debug|Any CPU = Debug|Any CPU
		Release|Any CPU = Release|Any CPU
	EndGlobalSection
	GlobalSection(ProjectConfigurationPlatforms) = postSolution
		{1B68E502-A305-4622-B38E-120B8D0BE79D}.Debug|Any CPU.ActiveCfg = Debug|Any CPU
		{1B68E502-A305-4622-B38E-120B8D0BE79D}.Debug|Any CPU.Build.0 = Debug|Any CPU
		{1B68E502-A305-4622-B38E-120B8D0BE79D}.Release|Any CPU.ActiveCfg = Release|Any CPU
		{1B68E502-A305-4622-B38E-120B8D0BE79D}.Release|Any CPU.Build.0 = Release|Any CPU
		{C271A690-4BA9-4CD3-A2EE-49600C2A70A9}.Debug|Any CPU.ActiveCfg = Debug|Any CPU
		{C271A690-4BA9-4CD3-A2EE-49600C2A70A9}.Debug|Any CPU.Build.0 = Debug|Any CPU
		{C271A690-4BA9-4CD3-A2EE-49600C2A70A9}.Release|Any CPU.ActiveCfg = Release|Any CPU
		{C271A690-4BA9-4CD3-A2EE-49600C2A70A9}.Release|Any CPU.Build.0 = Release|Any CPU
		{4B316A45-2005-4F70-92E3-2C9B4621DF25}.Debug|Any CPU.ActiveCfg = Debug|Any CPU
		{4B316A45-2005-4F70-92E3-2C9B4621DF25}.Debug|Any CPU.Build.0 = Debug|Any CPU
		{4B316A45-2005-4F70-92E3-2C9B4621DF25}.Release|Any CPU.ActiveCfg = Release|Any CPU
		{4B316A45-2005-4F70-92E3-2C9B4621DF25}.Release|Any CPU.Build.0 = Release|Any CPU
		{A5FB0BD2-4221-4FCC-887B-45B647AF2739}.Debug|Any CPU.ActiveCfg = Debug|Any CPU
		{A5FB0BD2-4221-4FCC-887B-45B647AF2739}.Debug|Any CPU.Build.0 = Debug|Any CPU
		{A5FB0BD2-4221-4FCC-887B-45B647AF2739}.Release|Any CPU.ActiveCfg = Release|Any CPU
		{A5FB0BD2-4221-4FCC-887B-45B647AF2739}.Release|Any CPU.Build.0 = Release|Any CPU
		{E0227325-F2DE-46D5-A8B7-24CC98445092}.Debug|Any CPU.ActiveCfg = Debug|Any CPU
		{E0227325-F2DE-46D5-A8B7-24CC98445092}.Debug|Any CPU.Build.0 = Debug|Any CPU
		{E0227325-F2DE-46D5-A8B7-24CC98445092}.Release|Any CPU.ActiveCfg = Release|Any CPU
		{E0227325-F2DE-46D5-A8B7-24CC98445092}.Release|Any CPU.Build.0 = Release|Any CPU
		{836B22FC-8C4A-4F28-AE6D-2A3A9D2396F9}.Debug|Any CPU.ActiveCfg = Debug|Any CPU
		{836B22FC-8C4A-4F28-AE6D-2A3A9D2396F9}.Debug|Any CPU.Build.0 = Debug|Any CPU
		{836B22FC-8C4A-4F28-AE6D-2A3A9D2396F9}.Release|Any CPU.ActiveCfg = Release|Any CPU
		{836B22FC-8C4A-4F28-AE6D-2A3A9D2396F9}.Release|Any CPU.Build.0 = Release|Any CPU
		{9552675B-F525-4692-88E4-AC1D2E43E87B}.Debug|Any CPU.ActiveCfg = Debug|Any CPU
		{9552675B-F525-4692-88E4-AC1D2E43E87B}.Debug|Any CPU.Build.0 = Debug|Any CPU
		{9552675B-F525-4692-88E4-AC1D2E43E87B}.Release|Any CPU.ActiveCfg = Release|Any CPU
		{9552675B-F525-4692-88E4-AC1D2E43E87B}.Release|Any CPU.Build.0 = Release|Any CPU
		{A858CC20-7C2C-47F9-83F4-39F98F90FED8}.Debug|Any CPU.ActiveCfg = Debug|Any CPU
		{A858CC20-7C2C-47F9-83F4-39F98F90FED8}.Debug|Any CPU.Build.0 = Debug|Any CPU
		{A858CC20-7C2C-47F9-83F4-39F98F90FED8}.Release|Any CPU.ActiveCfg = Release|Any CPU
		{A858CC20-7C2C-47F9-83F4-39F98F90FED8}.Release|Any CPU.Build.0 = Release|Any CPU
		{5A70243F-E155-4B84-9F96-4D7ED25B278A}.Debug|Any CPU.ActiveCfg = Debug|Any CPU
		{5A70243F-E155-4B84-9F96-4D7ED25B278A}.Debug|Any CPU.Build.0 = Debug|Any CPU
		{5A70243F-E155-4B84-9F96-4D7ED25B278A}.Release|Any CPU.ActiveCfg = Release|Any CPU
		{5A70243F-E155-4B84-9F96-4D7ED25B278A}.Release|Any CPU.Build.0 = Release|Any CPU
		{C30103C3-31FC-4F5A-B4ED-F79B9EFAF6D9}.Debug|Any CPU.ActiveCfg = Debug|Any CPU
		{C30103C3-31FC-4F5A-B4ED-F79B9EFAF6D9}.Debug|Any CPU.Build.0 = Debug|Any CPU
		{C30103C3-31FC-4F5A-B4ED-F79B9EFAF6D9}.Release|Any CPU.ActiveCfg = Release|Any CPU
		{C30103C3-31FC-4F5A-B4ED-F79B9EFAF6D9}.Release|Any CPU.Build.0 = Release|Any CPU
		{63E852E9-C4C7-4748-AFD4-4AF6F4640E41}.Debug|Any CPU.ActiveCfg = Debug|Any CPU
		{63E852E9-C4C7-4748-AFD4-4AF6F4640E41}.Debug|Any CPU.Build.0 = Debug|Any CPU
		{63E852E9-C4C7-4748-AFD4-4AF6F4640E41}.Release|Any CPU.ActiveCfg = Release|Any CPU
		{63E852E9-C4C7-4748-AFD4-4AF6F4640E41}.Release|Any CPU.Build.0 = Release|Any CPU
		{A79DED8A-C315-418D-971F-06E1A1A63594}.Debug|Any CPU.ActiveCfg = Debug|Any CPU
		{A79DED8A-C315-418D-971F-06E1A1A63594}.Debug|Any CPU.Build.0 = Debug|Any CPU
		{A79DED8A-C315-418D-971F-06E1A1A63594}.Release|Any CPU.ActiveCfg = Release|Any CPU
		{A79DED8A-C315-418D-971F-06E1A1A63594}.Release|Any CPU.Build.0 = Release|Any CPU
		{0672F055-78D4-9094-9A22-1C2DF59FA3C4}.Debug|Any CPU.ActiveCfg = Debug|Any CPU
		{0672F055-78D4-9094-9A22-1C2DF59FA3C4}.Debug|Any CPU.Build.0 = Debug|Any CPU
		{0672F055-78D4-9094-9A22-1C2DF59FA3C4}.Release|Any CPU.ActiveCfg = Release|Any CPU
		{0672F055-78D4-9094-9A22-1C2DF59FA3C4}.Release|Any CPU.Build.0 = Release|Any CPU
		{777C3523-CE2D-4958-BFE3-EAA4359BA60E}.Debug|Any CPU.ActiveCfg = Debug|Any CPU
		{777C3523-CE2D-4958-BFE3-EAA4359BA60E}.Debug|Any CPU.Build.0 = Debug|Any CPU
		{777C3523-CE2D-4958-BFE3-EAA4359BA60E}.Release|Any CPU.ActiveCfg = Release|Any CPU
		{777C3523-CE2D-4958-BFE3-EAA4359BA60E}.Release|Any CPU.Build.0 = Release|Any CPU
		{B605C47D-1DAA-41A0-898D-AC715D1AEBCA}.Debug|Any CPU.ActiveCfg = Debug|Any CPU
		{B605C47D-1DAA-41A0-898D-AC715D1AEBCA}.Debug|Any CPU.Build.0 = Debug|Any CPU
		{B605C47D-1DAA-41A0-898D-AC715D1AEBCA}.Release|Any CPU.ActiveCfg = Release|Any CPU
		{B605C47D-1DAA-41A0-898D-AC715D1AEBCA}.Release|Any CPU.Build.0 = Release|Any CPU
	EndGlobalSection
	GlobalSection(SolutionProperties) = preSolution
		HideSolutionNode = FALSE
	EndGlobalSection
	GlobalSection(NestedProjects) = preSolution
		{17E22CD4-E35A-4095-8E29-6A09650357BC} = {02EA681E-C7D8-13C7-8484-4AC65E1B71E8}
		{8561095C-DF8A-4E61-9922-8F3971C9FBDA} = {02EA681E-C7D8-13C7-8484-4AC65E1B71E8}
		{1B68E502-A305-4622-B38E-120B8D0BE79D} = {8561095C-DF8A-4E61-9922-8F3971C9FBDA}
		{C271A690-4BA9-4CD3-A2EE-49600C2A70A9} = {8561095C-DF8A-4E61-9922-8F3971C9FBDA}
		{4B316A45-2005-4F70-92E3-2C9B4621DF25} = {17E22CD4-E35A-4095-8E29-6A09650357BC}
		{A5FB0BD2-4221-4FCC-887B-45B647AF2739} = {17E22CD4-E35A-4095-8E29-6A09650357BC}
		{E0227325-F2DE-46D5-A8B7-24CC98445092} = {8561095C-DF8A-4E61-9922-8F3971C9FBDA}
		{836B22FC-8C4A-4F28-AE6D-2A3A9D2396F9} = {07DA150D-69B6-4107-8C3F-B241C4F7872C}
		{F420B026-CEC2-4EC6-8907-2AD9511B8DAA} = {02EA681E-C7D8-13C7-8484-4AC65E1B71E8}
		{9552675B-F525-4692-88E4-AC1D2E43E87B} = {F420B026-CEC2-4EC6-8907-2AD9511B8DAA}
		{CCB4189B-BC50-446B-989C-F568229C5036} = {02EA681E-C7D8-13C7-8484-4AC65E1B71E8}
		{A858CC20-7C2C-47F9-83F4-39F98F90FED8} = {CCB4189B-BC50-446B-989C-F568229C5036}
		{5A70243F-E155-4B84-9F96-4D7ED25B278A} = {07DA150D-69B6-4107-8C3F-B241C4F7872C}
		{C30103C3-31FC-4F5A-B4ED-F79B9EFAF6D9} = {F420B026-CEC2-4EC6-8907-2AD9511B8DAA}
		{63E852E9-C4C7-4748-AFD4-4AF6F4640E41} = {8561095C-DF8A-4E61-9922-8F3971C9FBDA}
		{A79DED8A-C315-418D-971F-06E1A1A63594} = {8561095C-DF8A-4E61-9922-8F3971C9FBDA}
		{0672F055-78D4-9094-9A22-1C2DF59FA3C4} = {8561095C-DF8A-4E61-9922-8F3971C9FBDA}
		{777C3523-CE2D-4958-BFE3-EAA4359BA60E} = {CCB4189B-BC50-446B-989C-F568229C5036}
		{B605C47D-1DAA-41A0-898D-AC715D1AEBCA} = {8561095C-DF8A-4E61-9922-8F3971C9FBDA}
	EndGlobalSection
	GlobalSection(ExtensibilityGlobals) = postSolution
		SolutionGuid = {572313D8-E578-473B-AB1C-DA25ACE9B823}
	EndGlobalSection
EndGlobal
